
Microsoft Visual Studio Solution File, Format Version 12.00
# Visual Studio Version 16
VisualStudioVersion = 16.0.31112.23
MinimumVisualStudioVersion = 10.0.40219.1
Project("{FAE04EC0-301F-11D3-BF4B-00C04F79EFBC}") = "BusesBooking", "BusesBooking\BusesBooking.csproj", "{0E9F5BDE-672D-4637-8055-CEFC5BAF0C17}"
EndProject
Global
	GlobalSection(SolutionConfigurationPlatforms) = preSolution
		Debug|Any CPU = Debug|Any CPU
		Release|Any CPU = Release|Any CPU
	EndGlobalSection
	GlobalSection(ProjectConfigurationPlatforms) = postSolution
		{0E9F5BDE-672D-4637-8055-CEFC5BAF0C17}.Debug|Any CPU.ActiveCfg = Debug|Any CPU
		{0E9F5BDE-672D-4637-8055-CEFC5BAF0C17}.Debug|Any CPU.Build.0 = Debug|Any CPU
		{0E9F5BDE-672D-4637-8055-CEFC5BAF0C17}.Release|Any CPU.ActiveCfg = Release|Any CPU
		{0E9F5BDE-672D-4637-8055-CEFC5BAF0C17}.Release|Any CPU.Build.0 = Release|Any CPU
	EndGlobalSection
	GlobalSection(SolutionProperties) = preSolution
		HideSolutionNode = FALSE
	EndGlobalSection
	GlobalSection(ExtensibilityGlobals) = postSolution
		SolutionGuid = {F0DEE196-975C-4756-8A55-B794836AF234}
	EndGlobalSection
EndGlobal
